{
  "requires": true,
  "lockfileVersion": 1,
  "dependencies": {
    "big-integer": {
      "version": "1.6.24",
      "resolved": "https://registry.npmjs.org/big-integer/-/big-integer-1.6.24.tgz",
      "integrity": "sha1-HthNAYrDwccrMH5/fZQAjo7iAxE="
    },
    "exonum-client": {
      "version": "0.2.0",
      "resolved": "https://registry.npmjs.org/exonum-client/-/exonum-client-0.2.0.tgz",
      "integrity": "sha512-hUh5ldlf+oZRrLKJUDnes1fsBhZSNELg26up2kmyMAuJrOyWFporEIzU+tbSgvjzOLElhHo5a2kTeY+u8+SYPQ==",
      "requires": {
        "big-integer": "1.6.24",
        "sha.js": "2.4.8",
        "tweetnacl": "0.14.5"
      }
    },
    "inherits": {
      "version": "2.0.3",
      "resolved": "https://registry.npmjs.org/inherits/-/inherits-2.0.3.tgz",
      "integrity": "sha1-Yzwsg+PaQqUC9SRmAiSA9CCCYd4="
    },
    "sha.js": {
      "version": "2.4.8",
      "resolved": "https://registry.npmjs.org/sha.js/-/sha.js-2.4.8.tgz",
      "integrity": "sha1-NwaMLEdra69ALRSknGf1l5IfY08=",
      "requires": {
        "inherits": "2.0.3"
      }
    },
    "tweetnacl": {
      "version": "0.14.5",
      "resolved": "https://registry.npmjs.org/tweetnacl/-/tweetnacl-0.14.5.tgz",
      "integrity": "sha1-WuaBd/GS1EViadEIr6k/+HQ/T2Q="
    }
  }
}
